
Microsoft Visual Studio Solution File, Format Version 12.00
# Visual Studio Version 17
VisualStudioVersion = 17.0.31903.59
MinimumVisualStudioVersion = 10.0.40219.1
Project("{FAE04EC0-301F-11D3-BF4B-00C04F79EFBC}") = "backend", "backend\backend.csproj", "{7F5B9593-7A39-4407-9354-AE21C2161C7B}"
EndProject
Project("{2150E333-8FDC-42A3-9474-1A3956D46DE8}") = "shared", "shared", "{4F52FD11-658E-A102-6CD3-7D7C16FFA15B}"
EndProject
Project("{FAE04EC0-301F-11D3-BF4B-00C04F79EFBC}") = "Shared", "shared\Shared.csproj", "{95213DC2-D5A1-421D-A9C8-FC8BFF5FA852}"
EndProject
Project("{FAE04EC0-301F-11D3-BF4B-00C04F79EFBC}") = "frontend-blazor", "frontend-blazor\frontend-blazor.csproj", "{B82DA568-A234-482C-BDED-21ED21ED7DD9}"
EndProject
Project("{FAE04EC0-301F-11D3-BF4B-00C04F79EFBC}") = "backend.Tests", "backend.Tests\backend.Tests.csproj", "{F0648AF3-E772-4EA6-9F8B-FF9C6B307E5B}"
EndProject
Project("{2150E333-8FDC-42A3-9474-1A3956D46DE8}") = "tools", "tools", "{07C2787E-EAC7-C090-1BA3-A61EC2A24D84}"
EndProject
Project("{FAE04EC0-301F-11D3-BF4B-00C04F79EFBC}") = "LexiconMigration", "tools\LexiconMigration\LexiconMigration.csproj", "{059F8189-745F-43B1-A73B-5C7215279120}"
EndProject
Global
	GlobalSection(SolutionConfigurationPlatforms) = preSolution
		Debug|Any CPU = Debug|Any CPU
		Debug|x64 = Debug|x64
		Debug|x86 = Debug|x86
		Release|Any CPU = Release|Any CPU
		Release|x64 = Release|x64
		Release|x86 = Release|x86
	EndGlobalSection
	GlobalSection(ProjectConfigurationPlatforms) = postSolution
		{7F5B9593-7A39-4407-9354-AE21C2161C7B}.Debug|Any CPU.ActiveCfg = Debug|Any CPU
		{7F5B9593-7A39-4407-9354-AE21C2161C7B}.Debug|Any CPU.Build.0 = Debug|Any CPU
		{7F5B9593-7A39-4407-9354-AE21C2161C7B}.Debug|x64.ActiveCfg = Debug|Any CPU
		{7F5B9593-7A39-4407-9354-AE21C2161C7B}.Debug|x64.Build.0 = Debug|Any CPU
		{7F5B9593-7A39-4407-9354-AE21C2161C7B}.Debug|x86.ActiveCfg = Debug|Any CPU
		{7F5B9593-7A39-4407-9354-AE21C2161C7B}.Debug|x86.Build.0 = Debug|Any CPU
		{7F5B9593-7A39-4407-9354-AE21C2161C7B}.Release|Any CPU.ActiveCfg = Release|Any CPU
		{7F5B9593-7A39-4407-9354-AE21C2161C7B}.Release|Any CPU.Build.0 = Release|Any CPU
		{7F5B9593-7A39-4407-9354-AE21C2161C7B}.Release|x64.ActiveCfg = Release|Any CPU
		{7F5B9593-7A39-4407-9354-AE21C2161C7B}.Release|x64.Build.0 = Release|Any CPU
		{7F5B9593-7A39-4407-9354-AE21C2161C7B}.Release|x86.ActiveCfg = Release|Any CPU
		{7F5B9593-7A39-4407-9354-AE21C2161C7B}.Release|x86.Build.0 = Release|Any CPU
		{95213DC2-D5A1-421D-A9C8-FC8BFF5FA852}.Debug|Any CPU.ActiveCfg = Debug|Any CPU
		{95213DC2-D5A1-421D-A9C8-FC8BFF5FA852}.Debug|Any CPU.Build.0 = Debug|Any CPU
		{95213DC2-D5A1-421D-A9C8-FC8BFF5FA852}.Debug|x64.ActiveCfg = Debug|Any CPU
		{95213DC2-D5A1-421D-A9C8-FC8BFF5FA852}.Debug|x64.Build.0 = Debug|Any CPU
		{95213DC2-D5A1-421D-A9C8-FC8BFF5FA852}.Debug|x86.ActiveCfg = Debug|Any CPU
		{95213DC2-D5A1-421D-A9C8-FC8BFF5FA852}.Debug|x86.Build.0 = Debug|Any CPU
		{95213DC2-D5A1-421D-A9C8-FC8BFF5FA852}.Release|Any CPU.ActiveCfg = Release|Any CPU
		{95213DC2-D5A1-421D-A9C8-FC8BFF5FA852}.Release|Any CPU.Build.0 = Release|Any CPU
		{95213DC2-D5A1-421D-A9C8-FC8BFF5FA852}.Release|x64.ActiveCfg = Release|Any CPU
		{95213DC2-D5A1-421D-A9C8-FC8BFF5FA852}.Release|x64.Build.0 = Release|Any CPU
		{95213DC2-D5A1-421D-A9C8-FC8BFF5FA852}.Release|x86.ActiveCfg = Release|Any CPU
		{95213DC2-D5A1-421D-A9C8-FC8BFF5FA852}.Release|x86.Build.0 = Release|Any CPU
		{B82DA568-A234-482C-BDED-21ED21ED7DD9}.Debug|Any CPU.ActiveCfg = Debug|Any CPU
		{B82DA568-A234-482C-BDED-21ED21ED7DD9}.Debug|Any CPU.Build.0 = Debug|Any CPU
		{B82DA568-A234-482C-BDED-21ED21ED7DD9}.Debug|x64.ActiveCfg = Debug|Any CPU
		{B82DA568-A234-482C-BDED-21ED21ED7DD9}.Debug|x64.Build.0 = Debug|Any CPU
		{B82DA568-A234-482C-BDED-21ED21ED7DD9}.Debug|x86.ActiveCfg = Debug|Any CPU
		{B82DA568-A234-482C-BDED-21ED21ED7DD9}.Debug|x86.Build.0 = Debug|Any CPU
		{B82DA568-A234-482C-BDED-21ED21ED7DD9}.Release|Any CPU.ActiveCfg = Release|Any CPU
		{B82DA568-A234-482C-BDED-21ED21ED7DD9}.Release|Any CPU.Build.0 = Release|Any CPU
		{B82DA568-A234-482C-BDED-21ED21ED7DD9}.Release|x64.ActiveCfg = Release|Any CPU
		{B82DA568-A234-482C-BDED-21ED21ED7DD9}.Release|x64.Build.0 = Release|Any CPU
		{B82DA568-A234-482C-BDED-21ED21ED7DD9}.Release|x86.ActiveCfg = Release|Any CPU
		{B82DA568-A234-482C-BDED-21ED21ED7DD9}.Release|x86.Build.0 = Release|Any CPU
		{F0648AF3-E772-4EA6-9F8B-FF9C6B307E5B}.Debug|Any CPU.ActiveCfg = Debug|Any CPU
		{F0648AF3-E772-4EA6-9F8B-FF9C6B307E5B}.Debug|Any CPU.Build.0 = Debug|Any CPU
		{F0648AF3-E772-4EA6-9F8B-FF9C6B307E5B}.Debug|x64.ActiveCfg = Debug|Any CPU
		{F0648AF3-E772-4EA6-9F8B-FF9C6B307E5B}.Debug|x64.Build.0 = Debug|Any CPU
		{F0648AF3-E772-4EA6-9F8B-FF9C6B307E5B}.Debug|x86.ActiveCfg = Debug|Any CPU
		{F0648AF3-E772-4EA6-9F8B-FF9C6B307E5B}.Debug|x86.Build.0 = Debug|Any CPU
		{F0648AF3-E772-4EA6-9F8B-FF9C6B307E5B}.Release|Any CPU.ActiveCfg = Release|Any CPU
		{F0648AF3-E772-4EA6-9F8B-FF9C6B307E5B}.Release|Any CPU.Build.0 = Release|Any CPU
		{F0648AF3-E772-4EA6-9F8B-FF9C6B307E5B}.Release|x64.ActiveCfg = Release|Any CPU
		{F0648AF3-E772-4EA6-9F8B-FF9C6B307E5B}.Release|x64.Build.0 = Release|Any CPU
		{F0648AF3-E772-4EA6-9F8B-FF9C6B307E5B}.Release|x86.ActiveCfg = Release|Any CPU
		{F0648AF3-E772-4EA6-9F8B-FF9C6B307E5B}.Release|x86.Build.0 = Release|Any CPU
		{059F8189-745F-43B1-A73B-5C7215279120}.Debug|Any CPU.ActiveCfg = Debug|Any CPU
		{059F8189-745F-43B1-A73B-5C7215279120}.Debug|Any CPU.Build.0 = Debug|Any CPU
		{059F8189-745F-43B1-A73B-5C7215279120}.Debug|x64.ActiveCfg = Debug|Any CPU
		{059F8189-745F-43B1-A73B-5C7215279120}.Debug|x64.Build.0 = Debug|Any CPU
		{059F8189-745F-43B1-A73B-5C7215279120}.Debug|x86.ActiveCfg = Debug|Any CPU
		{059F8189-745F-43B1-A73B-5C7215279120}.Debug|x86.Build.0 = Debug|Any CPU
		{059F8189-745F-43B1-A73B-5C7215279120}.Release|Any CPU.ActiveCfg = Release|Any CPU
		{059F8189-745F-43B1-A73B-5C7215279120}.Release|Any CPU.Build.0 = Release|Any CPU
		{059F8189-745F-43B1-A73B-5C7215279120}.Release|x64.ActiveCfg = Release|Any CPU
		{059F8189-745F-43B1-A73B-5C7215279120}.Release|x64.Build.0 = Release|Any CPU
		{059F8189-745F-43B1-A73B-5C7215279120}.Release|x86.ActiveCfg = Release|Any CPU
		{059F8189-745F-43B1-A73B-5C7215279120}.Release|x86.Build.0 = Release|Any CPU
	EndGlobalSection
	GlobalSection(SolutionProperties) = preSolution
		HideSolutionNode = FALSE
	EndGlobalSection
	GlobalSection(NestedProjects) = preSolution
		{95213DC2-D5A1-421D-A9C8-FC8BFF5FA852} = {4F52FD11-658E-A102-6CD3-7D7C16FFA15B}
		{059F8189-745F-43B1-A73B-5C7215279120} = {07C2787E-EAC7-C090-1BA3-A61EC2A24D84}
	EndGlobalSection
EndGlobal
